<?xml version="1.0" encoding="utf-8"?>
<Project ToolsVersion="4.0" xmlns="http://schemas.microsoft.com/developer/msbuild/2003">
  <ItemGroup>
    <Filter Include="util">
      <UniqueIdentifier>{90464515-0a60-4d47-8e5a-60969e5f1c35}</UniqueIdentifier>
    </Filter>
    <Filter Include="shader">
      <UniqueIdentifier>{98622a1e-26c8-433e-9b06-dddf3d28eb43}</UniqueIdentifier>
    </Filter>
    <Filter Include="third_party">
      <UniqueIdentifier>{4132ef45-9b48-487e-91c6-6c80e2b19e23}</UniqueIdentifier>
    </Filter>
    <Filter Include="shader\PostProcessShader">
      <UniqueIdentifier>{8dcd229d-bffd-4508-acda-257bd61b8dee}</UniqueIdentifier>
    </Filter>
    <Filter Include="shader\Custom Shader">
      <UniqueIdentifier>{bb6ec6ce-9e9d-4b02-a979-cdda33d3ad28}</UniqueIdentifier>
    </Filter>
    <Filter Include="samples">
      <UniqueIdentifier>{34d0ab18-2504-498c-b7b9-ed2359e841ba}</UniqueIdentifier>
    </Filter>
    <Filter Include="Core">
      <UniqueIdentifier>{1b9eee50-cd15-4d4b-820d-0d8b6738a87e}</UniqueIdentifier>
    </Filter>
    <Filter Include="Core\Base">
      <UniqueIdentifier>{cb7f9fbc-7e9a-48b5-a176-7de77d0f78f6}</UniqueIdentifier>
    </Filter>
    <Filter Include="Core\Events">
      <UniqueIdentifier>{22008774-a183-4120-ba2f-99a4923ac474}</UniqueIdentifier>
    </Filter>
    <Filter Include="Core\Timing">
      <UniqueIdentifier>{73c1d6a1-cf17-4c1f-a97c-3f13cbf6725a}</UniqueIdentifier>
    </Filter>
    <Filter Include="Core\Frame">
      <UniqueIdentifier>{69e12853-da87-45dc-9283-51f4df3f92b8}</UniqueIdentifier>
    </Filter>
    <Filter Include="Core\Jobs">
      <UniqueIdentifier>{69426c0e-d1d6-40be-98e6-8eb7d1a4270d}</UniqueIdentifier>
    </Filter>
    <Filter Include="Core\Debug">
      <UniqueIdentifier>{48f405c5-3859-4d2f-996d-d894a2b37b88}</UniqueIdentifier>
    </Filter>
    <Filter Include="Core\Engine">
      <UniqueIdentifier>{0c54f29e-21bc-4d97-b6ef-24b579fc518f}</UniqueIdentifier>
    </Filter>
    <Filter Include="Assets">
      <UniqueIdentifier>{f878eb4f-6123-4bde-9492-336b6379662a}</UniqueIdentifier>
    </Filter>
    <Filter Include="Assets\Texture">
      <UniqueIdentifier>{0259deab-0c56-43a1-9835-cb1247a47789}</UniqueIdentifier>
    </Filter>
    <Filter Include="Assets\Material">
      <UniqueIdentifier>{e43ad63f-1989-4ac4-baa3-8e8af1941974}</UniqueIdentifier>
    </Filter>
    <Filter Include="Assets\Mesh">
      <UniqueIdentifier>{26b9679d-04b0-4912-8e51-13cab4068035}</UniqueIdentifier>
    </Filter>
    <Filter Include="Assets\PostProcess">
      <UniqueIdentifier>{00114560-6014-466e-85f3-3385d2acf379}</UniqueIdentifier>
    </Filter>
    <Filter Include="Assets\RenderTarget">
      <UniqueIdentifier>{5e638100-ba2d-43d3-b3d7-8b3726ca57c9}</UniqueIdentifier>
    </Filter>
    <Filter Include="Assets\Shader">
      <UniqueIdentifier>{8ad160e3-b38a-4e28-803a-2f0247210370}</UniqueIdentifier>
    </Filter>
    <Filter Include="ECS">
      <UniqueIdentifier>{6a62e4b8-4d5e-45a4-b730-52f8ea9ba3e6}</UniqueIdentifier>
    </Filter>
    <Filter Include="ECS\Core">
      <UniqueIdentifier>{eaf57ca8-533b-4098-be31-efbde2542673}</UniqueIdentifier>
    </Filter>
    <Filter Include="ECS\Components">
      <UniqueIdentifier>{ac8200e5-e2c5-4093-b467-db230472ad9e}</UniqueIdentifier>
    </Filter>
    <Filter Include="ECS\System">
      <UniqueIdentifier>{2852fb9c-cc08-43cf-a949-33542b2c2712}</UniqueIdentifier>
    </Filter>
    <Filter Include="Math">
      <UniqueIdentifier>{1e8d6035-6a31-44f7-a1e0-4b72b95b6614}</UniqueIdentifier>
    </Filter>
    <Filter Include="Math\Types">
      <UniqueIdentifier>{b4bd4fd6-d300-44c4-9a0f-5646ed6cbee7}</UniqueIdentifier>
    </Filter>
    <Filter Include="Math\Helpers">
      <UniqueIdentifier>{b8f18816-1661-40a1-95fe-63655129cc4a}</UniqueIdentifier>
    </Filter>
    <Filter Include="Math\Algorithms">
      <UniqueIdentifier>{c2b919c0-63c2-4d6e-b126-ddd1144c15e4}</UniqueIdentifier>
    </Filter>
    <Filter Include="Math\Geometry">
      <UniqueIdentifier>{46c08fa3-8afb-4be1-bfb5-03682d3b294a}</UniqueIdentifier>
    </Filter>
  </ItemGroup>
  <ItemGroup>
    <ClCompile Include="..\src\ViewCullingSystem.cpp">
      <Filter>util</Filter>
    </ClCompile>
    <ClCompile Include="..\src\GDXIBLBaker.cpp">
      <Filter>util</Filter>
    </ClCompile>
    <ClCompile Include="..\src\CollisionIntersect.cpp">
      <Filter>util</Filter>
    </ClCompile>
    <ClCompile Include="..\src\CollisionSystem.cpp">
      <Filter>util</Filter>
    </ClCompile>
    <ClCompile Include="..\src\CollisionWorld.cpp">
      <Filter>util</Filter>
    </ClCompile>
    <ClCompile Include="..\src\DebugCamera.cpp">
      <Filter>util</Filter>
    </ClCompile>
    <ClCompile Include="..\samples\50_Point_Lights.cpp">
      <Filter>samples</Filter>
    </ClCompile>
    <ClCompile Include="..\src\CullGatherSystem.cpp">
      <Filter>util</Filter>
    </ClCompile>
    <ClCompile Include="..\src\GDXDebugCullingRenderer.cpp">
      <Filter>util</Filter>
    </ClCompile>
    <ClCompile Include="..\src\GDXECSRenderer.cpp">
      <Filter>util</Filter>
    </ClCompile>
    <ClCompile Include="..\src\GDXRenderFrameGraph.cpp">
      <Filter>util</Filter>
    </ClCompile>
    <ClCompile Include="..\src\GDXSamplerCache.cpp">
      <Filter>util</Filter>
    </ClCompile>
    <ClCompile Include="..\src\GDXShaderVariantCache.cpp">
      <Filter>util</Filter>
    </ClCompile>
    <ClCompile Include="..\src\GDXShadowMap.cpp">
      <Filter>util</Filter>
    </ClCompile>
    <ClCompile Include="..\src\GDXTileLightCuller.cpp">
      <Filter>util</Filter>
    </ClCompile>
    <ClCompile Include="..\src\GDXWin32Platform.cpp">
      <Filter>util</Filter>
    </ClCompile>
    <ClCompile Include="..\src\RenderPassBuilder.cpp">
      <Filter>util</Filter>
    </ClCompile>
    <ClCompile Include="..\src\RenderViewPrep.cpp">
      <Filter>util</Filter>
    </ClCompile>
    <ClCompile Include="..\src\GDXDX11LightSystem.cpp">
      <Filter>util</Filter>
    </ClCompile>
    <ClCompile Include="..\src\GDXDX11RenderBackend.cpp">
      <Filter>util</Filter>
    </ClCompile>
    <ClCompile Include="..\src\GDXDX11RenderExecutor.cpp">
      <Filter>util</Filter>
    </ClCompile>
    <ClCompile Include="..\src\GDXDX11ShaderCompiler.cpp">
      <Filter>util</Filter>
    </ClCompile>
    <ClCompile Include="..\src\GDXDX11TileLightCuller.cpp">
      <Filter>util</Filter>
    </ClCompile>
    <ClCompile Include="..\src\GDXDX12RenderBackend.cpp">
      <Filter>util</Filter>
    </ClCompile>
    <ClCompile Include="..\src\GDXOpenGLRenderBackend.cpp">
      <Filter>util</Filter>
    </ClCompile>
    <ClCompile Include="..\src\GDXWin32DX11ContextFactory.cpp">
      <Filter>util</Filter>
    </ClCompile>
    <ClCompile Include="..\src\GDXWin32OpenGLContextFactory.cpp">
      <Filter>util</Filter>
    </ClCompile>
    <ClCompile Include="..\src\GDXWin32Window.cpp">
      <Filter>util</Filter>
    </ClCompile>
    <ClCompile Include="..\src\GDXInput.cpp">
      <Filter>util</Filter>
    </ClCompile>
    <ClCompile Include="..\src\CameraSystem.cpp">
      <Filter>util</Filter>
    </ClCompile>
    <ClCompile Include="..\src\RenderGatherSystem.cpp">
      <Filter>util</Filter>
    </ClCompile>
    <ClCompile Include="..\src\JobSystem.cpp">
      <Filter>Core\Jobs</Filter>
    </ClCompile>
    <ClCompile Include="..\src\GIDXEngine.cpp">
      <Filter>Core\Engine</Filter>
    </ClCompile>
    <ClCompile Include="..\src\GDXTextureLoader.cpp">
      <Filter>Assets\Texture</Filter>
    </ClCompile>
    <ClCompile Include="..\src\TransformSystem.cpp">
      <Filter>ECS\System</Filter>
    </ClCompile>
    <ClCompile Include="..\src\HierarchySystem.cpp">
      <Filter>ECS\System</Filter>
    </ClCompile>
    <ClCompile Include="..\src\GDXMathOps.cpp">
      <Filter>Math\Algorithms</Filter>
    </ClCompile>
  </ItemGroup>
  <ItemGroup>
    <ClInclude Include="..\third_party\stb_image.h">
      <Filter>third_party</Filter>
    </ClInclude>
    <ClInclude Include="..\include\MeshProcessor.h">
      <Filter>util</Filter>
    </ClInclude>
    <ClInclude Include="..\include\GDXVertexFlags.h">
      <Filter>util</Filter>
    </ClInclude>
    <ClInclude Include="..\include\GDXVertexFormat.h">
      <Filter>util</Filter>
    </ClInclude>
    <ClInclude Include="..\include\ViewCullingSystem.h">
      <Filter>util</Filter>
    </ClInclude>
    <ClInclude Include="..\include\GDXIBLBaker.h">
      <Filter>util</Filter>
    </ClInclude>
    <ClInclude Include="..\include\Collision\CollisionBody.h">
      <Filter>util</Filter>
    </ClInclude>
    <ClInclude Include="..\include\Collision\CollisionIntersect.h">
      <Filter>util</Filter>
    </ClInclude>
    <ClInclude Include="..\include\Collision\CollisionShapes.h">
      <Filter>util</Filter>
    </ClInclude>
    <ClInclude Include="..\include\Collision\CollisionTypes.h">
      <Filter>util</Filter>
    </ClInclude>
    <ClInclude Include="..\include\Collision\CollisionWorld.h">
      <Filter>util</Filter>
    </ClInclude>
    <ClInclude Include="..\include\DebugCamera.h">
      <Filter>util</Filter>
    </ClInclude>
    <ClInclude Include="..\include\CollisionSystem.h">
      <Filter>util</Filter>
    </ClInclude>
    <ClInclude Include="..\include\CullGatherSystem.h">
      <Filter>util</Filter>
    </ClInclude>
    <ClInclude Include="..\include\FrameDispatch.h">
      <Filter>util</Filter>
    </ClInclude>
    <ClInclude Include="..\include\GDXDebugCullingRenderer.h">
      <Filter>util</Filter>
    </ClInclude>
    <ClInclude Include="..\include\GDXECSRenderer.h">
      <Filter>util</Filter>
    </ClInclude>
    <ClInclude Include="..\include\GDXPipelineState.h">
      <Filter>util</Filter>
    </ClInclude>
    <ClInclude Include="..\include\GDXRenderFrameGraph.h">
      <Filter>util</Filter>
    </ClInclude>
    <ClInclude Include="..\include\GDXResourceBinding.h">
      <Filter>util</Filter>
    </ClInclude>
    <ClInclude Include="..\include\GDXShaderLayout.h">
      <Filter>util</Filter>
    </ClInclude>
    <ClInclude Include="..\include\GDXShaderVariantCache.h">
      <Filter>util</Filter>
    </ClInclude>
    <ClInclude Include="..\include\GDXShadowMap.h">
      <Filter>util</Filter>
    </ClInclude>
    <ClInclude Include="..\include\GDXTextureSlots.h">
      <Filter>util</Filter>
    </ClInclude>
    <ClInclude Include="..\include\GDXTileLightCuller.h">
      <Filter>util</Filter>
    </ClInclude>
    <ClInclude Include="..\include\IGDXLightSystem.h">
      <Filter>util</Filter>
    </ClInclude>
    <ClInclude Include="..\include\RenderFramePipeline.h">
      <Filter>util</Filter>
    </ClInclude>
    <ClInclude Include="..\include\RenderPassBuilder.h">
      <Filter>util</Filter>
    </ClInclude>
    <ClInclude Include="..\include\RenderViewData.h">
      <Filter>util</Filter>
    </ClInclude>
    <ClInclude Include="..\include\RenderViewPrep.h">
      <Filter>util</Filter>
    </ClInclude>
    <ClInclude Include="..\include\ShaderVariant.h">
      <Filter>util</Filter>
    </ClInclude>
    <ClInclude Include="..\include\GDXDX11LightSystem.h">
      <Filter>util</Filter>
    </ClInclude>
    <ClInclude Include="..\include\GDXDX11RenderBackend.h">
      <Filter>util</Filter>
    </ClInclude>
    <ClInclude Include="..\include\GDXDX11RenderExecutor.h">
      <Filter>util</Filter>
    </ClInclude>
    <ClInclude Include="..\include\GDXDX11ShaderCompiler.h">
      <Filter>util</Filter>
    </ClInclude>
    <ClInclude Include="..\include\GDXDX11TileLightCuller.h">
      <Filter>util</Filter>
    </ClInclude>
    <ClInclude Include="..\include\GDXDX12RenderBackend.h">
      <Filter>util</Filter>
    </ClInclude>
    <ClInclude Include="..\include\GDXOpenGLIncludes.h">
      <Filter>util</Filter>
    </ClInclude>
    <ClInclude Include="..\include\GDXOpenGLRenderBackend.h">
      <Filter>util</Filter>
    </ClInclude>
    <ClInclude Include="..\include\GDXWin32DX11ContextFactory.h">
      <Filter>util</Filter>
    </ClInclude>
    <ClInclude Include="..\include\GDXWin32OpenGLContextFactory.h">
      <Filter>util</Filter>
    </ClInclude>
    <ClInclude Include="..\include\GDXWin32Platform.h">
      <Filter>util</Filter>
    </ClInclude>
    <ClInclude Include="..\include\GDXWin32Window.h">
      <Filter>util</Filter>
    </ClInclude>
    <ClInclude Include="..\include\IGDXDXGIContext.h">
      <Filter>util</Filter>
    </ClInclude>
    <ClInclude Include="..\include\IGDXOpenGLContext.h">
      <Filter>util</Filter>
    </ClInclude>
    <ClInclude Include="..\include\GDXInput.h">
      <Filter>util</Filter>
    </ClInclude>
    <ClInclude Include="..\include\GDXWin32NativeHandles.h">
      <Filter>util</Filter>
    </ClInclude>
    <ClInclude Include="..\include\IGDXPlatform.h">
      <Filter>util</Filter>
    </ClInclude>
    <ClInclude Include="..\include\IGDXWin32NativeAccess.h">
      <Filter>util</Filter>
    </ClInclude>
    <ClInclude Include="..\include\IGDXWindow.h">
      <Filter>util</Filter>
    </ClInclude>
    <ClInclude Include="..\include\FrameTransientResources.h">
      <Filter>util</Filter>
    </ClInclude>
    <ClInclude Include="..\include\ICommandList.h">
      <Filter>util</Filter>
    </ClInclude>
    <ClInclude Include="..\include\IGDXRenderBackend.h">
      <Filter>util</Filter>
    </ClInclude>
    <ClInclude Include="..\include\IGDXRenderer.h">
      <Filter>util</Filter>
    </ClInclude>
    <ClInclude Include="..\include\RenderCommand.h">
      <Filter>util</Filter>
    </ClInclude>
    <ClInclude Include="..\include\RenderPassClearDesc.h">
      <Filter>util</Filter>
    </ClInclude>
    <ClInclude Include="..\include\RenderPassTargetDesc.h">
      <Filter>util</Filter>
    </ClInclude>
    <ClInclude Include="..\include\RenderQueue.h">
      <Filter>util</Filter>
    </ClInclude>
    <ClInclude Include="..\include\WindowDesc.h">
      <Filter>util</Filter>
    </ClInclude>
    <ClInclude Include="..\include\CameraSystem.h">
      <Filter>util</Filter>
    </ClInclude>
    <ClInclude Include="..\include\RenderGatherSystem.h">
      <Filter>util</Filter>
    </ClInclude>
    <ClInclude Include="..\include\BackendRenderPassDesc.h">
      <Filter>util</Filter>
    </ClInclude>
    <ClInclude Include="..\include\Handle.h">
      <Filter>Core\Base</Filter>
    </ClInclude>
    <ClInclude Include="..\include\ResourceStore.h">
      <Filter>Core\Base</Filter>
    </ClInclude>
    <ClInclude Include="..\include\Events.h">
      <Filter>Core\Events</Filter>
    </ClInclude>
    <ClInclude Include="..\include\GDXEventQueue.h">
      <Filter>Core\Events</Filter>
    </ClInclude>
    <ClInclude Include="..\include\FrameData.h">
      <Filter>Core\Frame</Filter>
    </ClInclude>
    <ClInclude Include="..\include\FrameContext.h">
      <Filter>Core\Frame</Filter>
    </ClInclude>
    <ClInclude Include="..\include\SystemScheduler.h">
      <Filter>Core\Jobs</Filter>
    </ClInclude>
    <ClInclude Include="..\include\JobSystem.h">
      <Filter>Core\Jobs</Filter>
    </ClInclude>
    <ClInclude Include="..\include\Debug.h">
      <Filter>Core\Debug</Filter>
    </ClInclude>
    <ClInclude Include="..\include\GDXFrameTimer.h">
      <Filter>Core\Timing</Filter>
    </ClInclude>
    <ClInclude Include="..\include\gidx.h">
      <Filter>Core\Engine</Filter>
    </ClInclude>
    <ClInclude Include="..\include\GIDXEngine.h">
      <Filter>Core\Engine</Filter>
    </ClInclude>
    <ClInclude Include="..\include\MaterialResource.h">
      <Filter>Assets\Material</Filter>
    </ClInclude>
    <ClInclude Include="..\include\MeshAssetResource.h">
      <Filter>Assets\Mesh</Filter>
    </ClInclude>
    <ClInclude Include="..\include\SubmeshData.h">
      <Filter>Assets\Mesh</Filter>
    </ClInclude>
    <ClInclude Include="..\include\SubmeshBuilder.h">
      <Filter>Assets\Mesh</Filter>
    </ClInclude>
    <ClInclude Include="..\include\MeshUtilities.h">
      <Filter>Assets\Mesh</Filter>
    </ClInclude>
    <ClInclude Include="..\include\BasicMeshGenerator.h">
      <Filter>Assets\Mesh</Filter>
    </ClInclude>
    <ClInclude Include="..\include\PostProcessResource.h">
      <Filter>Assets\PostProcess</Filter>
    </ClInclude>
    <ClInclude Include="..\include\GDXRenderTargetResource.h">
      <Filter>Assets\RenderTarget</Filter>
    </ClInclude>
    <ClInclude Include="..\include\GDXShaderResource.h">
      <Filter>Assets\Shader</Filter>
    </ClInclude>
    <ClInclude Include="..\include\ImageBuffer.h">
      <Filter>Assets\Texture</Filter>
    </ClInclude>
    <ClInclude Include="..\include\GDXTextureLoader.h">
      <Filter>Assets\Texture</Filter>
    </ClInclude>
    <ClInclude Include="..\include\GDXTextureResource.h">
      <Filter>Assets\Texture</Filter>
    </ClInclude>
    <ClInclude Include="..\include\ECSTypes.h">
      <Filter>ECS\Core</Filter>
    </ClInclude>
    <ClInclude Include="..\include\ComponentPool.h">
      <Filter>ECS\Core</Filter>
    </ClInclude>
    <ClInclude Include="..\include\Registry.h">
      <Filter>ECS\Core</Filter>
    </ClInclude>
    <ClInclude Include="..\include\Components.h">
      <Filter>ECS\Components</Filter>
    </ClInclude>
    <ClInclude Include="..\include\TransformSystem.h">
      <Filter>ECS\System</Filter>
    </ClInclude>
    <ClInclude Include="..\include\HierarchySystem.h">
      <Filter>ECS\System</Filter>
    </ClInclude>
    <ClInclude Include="..\include\Core\GDXMath.h">
      <Filter>Math\Types</Filter>
    </ClInclude>
    <ClInclude Include="..\include\Core\GDXMathHelpers.h">
      <Filter>Math\Helpers</Filter>
    </ClInclude>
    <ClInclude Include="..\include\Core\GDXMathOps.h">
      <Filter>Math\Algorithms</Filter>
    </ClInclude>
    <ClInclude Include="..\include\MeshBoundsUtil.h">
      <Filter>Math\Geometry</Filter>
    </ClInclude>
  </ItemGroup>
  <ItemGroup>
    <Text Include="..\shader\PostProcessBloomBlurPS.hlsl">
      <Filter>shader\PostProcessShader</Filter>
    </Text>
    <Text Include="..\shader\PostProcessBloomBrightPS.hlsl">
      <Filter>shader\PostProcessShader</Filter>
    </Text>
    <Text Include="..\shader\PostProcessBloomCompositePS.hlsl">
      <Filter>shader\PostProcessShader</Filter>
    </Text>
    <Text Include="..\shader\PostProcessFullscreenVS.hlsl">
      <Filter>shader\PostProcessShader</Filter>
    </Text>
    <Text Include="..\shader\PostProcessTintPS.hlsl">
      <Filter>shader\PostProcessShader</Filter>
    </Text>
    <Text Include="..\shader\ShadowPixelShader.hlsl">
      <Filter>shader</Filter>
    </Text>
    <Text Include="..\shader\ShadowPixelShader_AlphaTest.hlsl">
      <Filter>shader</Filter>
    </Text>
    <Text Include="..\shader\ShadowVertexShader.hlsl">
      <Filter>shader</Filter>
    </Text>
    <Text Include="..\shader\ShadowVertexShader_AlphaTest.hlsl">
      <Filter>shader</Filter>
    </Text>
    <Text Include="..\shader\ShadowVertexShader_Skinned.hlsl">
      <Filter>shader</Filter>
    </Text>
    <Text Include="..\shader\ShadowVertexShader_SkinnedAlphaTest.hlsl">
      <Filter>shader</Filter>
    </Text>
    <Text Include="..\shader\VertexShader.hlsl">
      <Filter>shader</Filter>
    </Text>
    <Text Include="..\shader\VertexShader_Skinned.hlsl">
      <Filter>shader</Filter>
    </Text>
    <Text Include="..\shader\VertexShader_SkinnedVertexColor.hlsl">
      <Filter>shader</Filter>
    </Text>
    <Text Include="..\shader\VertexShader_VertexColor.hlsl">
      <Filter>shader</Filter>
    </Text>
    <Text Include="..\shader\VertexShaderNeon.hlsl">
      <Filter>shader\Custom Shader</Filter>
    </Text>
    <Text Include="..\shader\PixelShaderNeon.hlsl">
      <Filter>shader\Custom Shader</Filter>
    </Text>
    <Text Include="..\shader\PixelShader_VertexColor.hlsl">
      <Filter>shader</Filter>
    </Text>
    <Text Include="..\shader\PixelShader.hlsl">
      <Filter>shader</Filter>
    </Text>
    <Text Include="..\shader\PostProcessFXAAPS.hlsl">
      <Filter>shader</Filter>
    </Text>
  </ItemGroup>
</Project>