<?xml version="1.0" encoding="utf-8"?>
<Project ToolsVersion="4.0" xmlns="http://schemas.microsoft.com/developer/msbuild/2003">
  <ItemGroup>
    <Filter Include="app">
      <UniqueIdentifier>{07eb4c62-d1e5-4d39-b6fa-dac48aff969b}</UniqueIdentifier>
    </Filter>
    <Filter Include="samples">
      <UniqueIdentifier>{4df7a3d5-2f8b-4f07-8eb3-5a1d4d2a7c18}</UniqueIdentifier>
    </Filter>
    <Filter Include="engine">
      <UniqueIdentifier>{ebec8464-7600-4367-a8ab-31ea673946ad}</UniqueIdentifier>
    </Filter>
    <Filter Include="util">
      <UniqueIdentifier>{90464515-0a60-4d47-8e5a-60969e5f1c35}</UniqueIdentifier>
    </Filter>
    <Filter Include="engine\core">
      <UniqueIdentifier>{e1ce0925-f4f2-4772-89c7-497a4c1ccc9d}</UniqueIdentifier>
    </Filter>
    <Filter Include="engine\renderer">
      <UniqueIdentifier>{4ad48df7-4d30-4004-8bb7-6068c0fb9562}</UniqueIdentifier>
    </Filter>
    <Filter Include="ecs">
      <UniqueIdentifier>{e3f763e3-d1ce-4b09-ba58-13a40277cec7}</UniqueIdentifier>
    </Filter>
    <Filter Include="shader">
      <UniqueIdentifier>{98622a1e-26c8-433e-9b06-dddf3d28eb43}</UniqueIdentifier>
    </Filter>
    <Filter Include="engine\assets">
      <UniqueIdentifier>{906cd366-d799-4062-b7ab-a64f6c52bb57}</UniqueIdentifier>
    </Filter>
    <Filter Include="third_party">
      <UniqueIdentifier>{4132ef45-9b48-487e-91c6-6c80e2b19e23}</UniqueIdentifier>
    </Filter>
    <Filter Include="engine\renderer\dx11">
      <UniqueIdentifier>{d322e014-198d-4d94-bd2b-168dbc724d69}</UniqueIdentifier>
    </Filter>
    <Filter Include="engine\renderer\opengl">
      <UniqueIdentifier>{f2613657-ad82-4bd5-b4b2-380134e49fdd}</UniqueIdentifier>
    </Filter>
    <Filter Include="engine\renderer\dx12">
      <UniqueIdentifier>{85d83fb6-a8df-471a-867e-adbf9cbdb476}</UniqueIdentifier>
    </Filter>
    <Filter Include="engine\renderer\null">
      <UniqueIdentifier>{f9b5ad7f-53db-44bf-8815-83b75f242181}</UniqueIdentifier>
    </Filter>
    <Filter Include="engine\platform">
      <UniqueIdentifier>{3350e22c-68bc-4730-ad8a-023454723ec4}</UniqueIdentifier>
    </Filter>
    <Filter Include="engine\platform\windows">
      <UniqueIdentifier>{753e534a-1b0d-42cb-8ce4-fcbb576e8035}</UniqueIdentifier>
    </Filter>
    <Filter Include="samples\_alt">
      <UniqueIdentifier>{e5c6eee8-a32a-4b4b-8518-9193dfbd1457}</UniqueIdentifier>
    </Filter>
    <Filter Include="samples\_alt\_bugtest">
      <UniqueIdentifier>{f58953c2-bc76-4248-ab17-0782a79de059}</UniqueIdentifier>
    </Filter>
    <Filter Include="samples\_alt\_bugtest\MeshBuilder">
      <UniqueIdentifier>{f944617f-68eb-4179-8a2b-b9886c030f56}</UniqueIdentifier>
    </Filter>
    <Filter Include="samples\_alt\ESC Main">
      <UniqueIdentifier>{a1696cae-911b-4c83-9a1c-66634feefaf2}</UniqueIdentifier>
    </Filter>
    <Filter Include="samples\_alt\gidx Main">
      <UniqueIdentifier>{84f82f50-210d-4821-a7aa-0723a60980fc}</UniqueIdentifier>
    </Filter>
    <Filter Include="samples\_alt\Layers esc">
      <UniqueIdentifier>{b4a8cc87-29fc-41db-aa47-ff98d7bd1c72}</UniqueIdentifier>
    </Filter>
    <Filter Include="samples\_alt\parenting showcase">
      <UniqueIdentifier>{dac974b4-a685-453f-bac0-b003a26da59f}</UniqueIdentifier>
    </Filter>
    <Filter Include="samples\_alt\RTT Example">
      <UniqueIdentifier>{c0788479-4ffa-4770-a0a0-a71cee510b5b}</UniqueIdentifier>
    </Filter>
    <Filter Include="samples\_alt\RTT NeonShader">
      <UniqueIdentifier>{35dee395-5f6e-4c59-bcbe-3ea7504d9649}</UniqueIdentifier>
    </Filter>
    <Filter Include="samples\_alt\shader alphatest shadow">
      <UniqueIdentifier>{f5c61a24-5605-44fd-a737-a32e2b299ce3}</UniqueIdentifier>
    </Filter>
    <Filter Include="samples\_alt\shader satic opaque">
      <UniqueIdentifier>{7b6db410-f1f6-4614-b47f-3dc8cc534737}</UniqueIdentifier>
    </Filter>
    <Filter Include="samples\_alt\shader skinning">
      <UniqueIdentifier>{14630285-121d-420f-963c-4c0a55c1b503}</UniqueIdentifier>
    </Filter>
    <Filter Include="samples\_alt\shader vertexcolor">
      <UniqueIdentifier>{0ed9faf6-7448-4a9c-afee-00eaa27cb60d}</UniqueIdentifier>
    </Filter>
    <Filter Include="samples\_alt\SnakeGame">
      <UniqueIdentifier>{13c2d461-dbf0-403a-865c-760dd9d91a17}</UniqueIdentifier>
    </Filter>
    <Filter Include="samples\_alt\StatsTest">
      <UniqueIdentifier>{0dbc030a-ea64-4331-9059-1e775e3e05d0}</UniqueIdentifier>
    </Filter>
    <Filter Include="samples\_alt\Transparent">
      <UniqueIdentifier>{4a36576d-571c-4881-add8-22cf54c1d676}</UniqueIdentifier>
    </Filter>
    <Filter Include="samples\_alt\unlit mesh">
      <UniqueIdentifier>{f65ad90b-bf85-4657-a975-274efa5c98db}</UniqueIdentifier>
    </Filter>
    <Filter Include="samples\_alt\uv dateil cube">
      <UniqueIdentifier>{8e0fafdb-4d4d-4273-9399-4878acb80cb4}</UniqueIdentifier>
    </Filter>
    <Filter Include="shader\PostProcessShader">
      <UniqueIdentifier>{8dcd229d-bffd-4508-acda-257bd61b8dee}</UniqueIdentifier>
    </Filter>
    <Filter Include="shader\Custom Shader">
      <UniqueIdentifier>{bb6ec6ce-9e9d-4b02-a979-cdda33d3ad28}</UniqueIdentifier>
    </Filter>
  </ItemGroup>
  <ItemGroup>
    <ClCompile Include="..\app\AdapterEnum.cpp">
      <Filter>samples</Filter>
    </ClCompile>
    <ClCompile Include="..\app\ECSGame.cpp">
      <Filter>samples\_alt\ESC Main</Filter>
    </ClCompile>
    <ClCompile Include="..\app\main_ecs.cpp">
      <Filter>samples\_alt\ESC Main</Filter>
    </ClCompile>
    <ClCompile Include="..\app\main.cpp">
      <Filter>samples\_alt\gidx Main</Filter>
    </ClCompile>
    <ClCompile Include="..\app\RTT Example.cpp">
      <Filter>samples\_alt\RTT Example</Filter>
    </ClCompile>
    <ClCompile Include="..\app\layers.cpp">
      <Filter>samples\_alt\Layers esc</Filter>
    </ClCompile>
    <ClCompile Include="..\app\transparent_example.cpp">
      <Filter>samples\_alt\Transparent</Filter>
    </ClCompile>
    <ClCompile Include="..\app\SnakeGame.cpp">
      <Filter>samples\_alt\SnakeGame</Filter>
    </ClCompile>
    <ClCompile Include="..\app\game_main.cpp">
      <Filter>samples\_alt\SnakeGame</Filter>
    </ClCompile>
    <ClCompile Include="..\app\test_shader_static_opaque.cpp">
      <Filter>samples\_alt\shader satic opaque</Filter>
    </ClCompile>
    <ClCompile Include="..\app\test_shader_vertexcolor.cpp">
      <Filter>samples\_alt\shader vertexcolor</Filter>
    </ClCompile>
    <ClCompile Include="..\app\test_shader_alphatest_shadow.cpp">
      <Filter>samples\_alt\shader alphatest shadow</Filter>
    </ClCompile>
    <ClCompile Include="..\app\test_shader_skinning.cpp">
      <Filter>samples\_alt\shader skinning</Filter>
    </ClCompile>
    <ClCompile Include="..\app\bone_animation.cpp">
      <Filter>samples\_alt\shader skinning</Filter>
    </ClCompile>
    <ClCompile Include="..\app\uv1_detail_cube.cpp">
      <Filter>samples\_alt\uv dateil cube</Filter>
    </ClCompile>
    <ClCompile Include="..\app\parenting_showcase.cpp">
      <Filter>samples\_alt\parenting showcase</Filter>
    </ClCompile>
    <ClCompile Include="..\app\meshbuilder.cpp">
      <Filter>samples\_alt\_bugtest\MeshBuilder</Filter>
    </ClCompile>
    <ClCompile Include="..\src\GDXECSRenderer.cpp">
      <Filter>engine</Filter>
    </ClCompile>
    <ClCompile Include="..\src\GDXWin32Platform.cpp">
      <Filter>engine</Filter>
    </ClCompile>
    <ClCompile Include="..\src\GDXShadowMap.cpp">
      <Filter>engine</Filter>
    </ClCompile>
    <ClCompile Include="..\src\GDXSamplerCache.cpp">
      <Filter>engine</Filter>
    </ClCompile>
    <ClCompile Include="..\src\CameraSystem.cpp">
      <Filter>ecs</Filter>
    </ClCompile>
    <ClCompile Include="..\src\HierarchySystem.cpp">
      <Filter>ecs</Filter>
    </ClCompile>
    <ClCompile Include="..\src\TransformSystem.cpp">
      <Filter>ecs</Filter>
    </ClCompile>
    <ClCompile Include="..\src\RenderGatherSystem.cpp">
      <Filter>ecs</Filter>
    </ClCompile>
    <ClCompile Include="..\src\GIDXEngine.cpp">
      <Filter>engine\core</Filter>
    </ClCompile>
    <ClCompile Include="..\src\GDXWin32Window.cpp">
      <Filter>engine\platform\windows</Filter>
    </ClCompile>
    <ClCompile Include="..\src\GDXWin32DX11ContextFactory.cpp">
      <Filter>engine\platform\windows</Filter>
    </ClCompile>
    <ClCompile Include="..\src\GDXWin32OpenGLContextFactory.cpp">
      <Filter>engine\platform\windows</Filter>
    </ClCompile>
    <ClCompile Include="..\src\GDXInput.cpp">
      <Filter>engine\platform</Filter>
    </ClCompile>
    <ClCompile Include="..\src\GDXDX11RenderBackend.cpp">
      <Filter>engine\renderer\dx11</Filter>
    </ClCompile>
    <ClCompile Include="..\src\GDXDX11RenderExecutor.cpp">
      <Filter>engine\renderer\dx11</Filter>
    </ClCompile>
    <ClCompile Include="..\src\GDXOpenGLRenderBackend.cpp">
      <Filter>engine\renderer\opengl</Filter>
    </ClCompile>
    <ClCompile Include="..\src\GDXDX12RenderBackend.cpp">
      <Filter>engine\renderer\dx12</Filter>
    </ClCompile>
    <ClCompile Include="..\src\GDXTextureLoader.cpp">
      <Filter>util</Filter>
    </ClCompile>
    <ClCompile Include="..\app\RTT Shader Example\0_example_Multishaderexample_GIDX.cpp">
      <Filter>samples\_alt\RTT NeonShader</Filter>
    </ClCompile>
    <ClCompile Include="..\app\RTT Shader Example\1_example_MultitexturRTTExample_GIDX.cpp">
      <Filter>samples\_alt\RTT NeonShader</Filter>
    </ClCompile>
    <ClCompile Include="..\app\RTT Shader Example\NeonTimeBuffer.cpp">
      <Filter>samples\_alt\RTT NeonShader</Filter>
    </ClCompile>
    <ClCompile Include="..\app\SchattenBugTest.cpp">
      <Filter>samples\_alt\_bugtest</Filter>
    </ClCompile>
    <ClCompile Include="..\app\stats.cpp">
      <Filter>samples\_alt\StatsTest</Filter>
    </ClCompile>
    <ClCompile Include="..\app\unlit_mesh_example.cpp">
      <Filter>samples\_alt\unlit mesh</Filter>
    </ClCompile>
    <ClCompile Include="..\src\JobSystem.cpp">
      <Filter>util</Filter>
    </ClCompile>
    <ClCompile Include="..\src\ViewCullingSystem.cpp">
      <Filter>util</Filter>
    </ClCompile>
    <ClCompile Include="..\app\postprocess_example.cpp">
      <Filter>samples\_alt</Filter>
    </ClCompile>
    <ClCompile Include="..\src\GDXDX11LightSystem.cpp">
      <Filter>engine\renderer\dx11</Filter>
    </ClCompile>
    <ClCompile Include="..\app\test_scene.cpp">
      <Filter>samples</Filter>
    </ClCompile>
    <ClCompile Include="C:\Users\HO\Downloads\triangle_vertex_color.cpp">
      <Filter>samples</Filter>
    </ClCompile>
    <ClCompile Include="C:\Users\HO\Downloads\triangle_vertex_color_gidx.cpp">
      <Filter>samples</Filter>
    </ClCompile>
  </ItemGroup>
  <ItemGroup>
    <ClInclude Include="..\third_party\stb_image.h">
      <Filter>third_party</Filter>
    </ClInclude>
    <ClInclude Include="..\app\ECSGame.h">
      <Filter>samples\_alt\ESC Main</Filter>
    </ClInclude>
    <ClInclude Include="..\app\SnakeGame.h">
      <Filter>samples\_alt\SnakeGame</Filter>
    </ClInclude>
    <ClInclude Include="..\include\Components.h">
      <Filter>engine</Filter>
    </ClInclude>
    <ClInclude Include="..\include\GDXPipelineState.h">
      <Filter>engine</Filter>
    </ClInclude>
    <ClInclude Include="..\include\GDXShaderLayout.h">
      <Filter>engine</Filter>
    </ClInclude>
    <ClInclude Include="..\include\GDXTextureSlots.h">
      <Filter>engine</Filter>
    </ClInclude>
    <ClInclude Include="..\include\MeshAssetResource.h">
      <Filter>engine</Filter>
    </ClInclude>
    <ClInclude Include="..\include\IGDXLightSystem.h">
      <Filter>engine</Filter>
    </ClInclude>
    <ClInclude Include="..\include\GDXECSRenderer.h">
      <Filter>engine</Filter>
    </ClInclude>
    <ClInclude Include="..\include\ShaderVariant.h">
      <Filter>engine</Filter>
    </ClInclude>
    <ClInclude Include="..\include\GDXShadowMap.h">
      <Filter>engine</Filter>
    </ClInclude>
    <ClInclude Include="..\include\CameraSystem.h">
      <Filter>ecs</Filter>
    </ClInclude>
    <ClInclude Include="..\include\ECSTypes.h">
      <Filter>ecs</Filter>
    </ClInclude>
    <ClInclude Include="..\include\ComponentPool.h">
      <Filter>ecs</Filter>
    </ClInclude>
    <ClInclude Include="..\include\Registry.h">
      <Filter>ecs</Filter>
    </ClInclude>
    <ClInclude Include="..\include\HierarchySystem.h">
      <Filter>ecs</Filter>
    </ClInclude>
    <ClInclude Include="..\include\TransformSystem.h">
      <Filter>ecs</Filter>
    </ClInclude>
    <ClInclude Include="..\include\RenderGatherSystem.h">
      <Filter>ecs</Filter>
    </ClInclude>
    <ClInclude Include="..\include\GIDXEngine.h">
      <Filter>engine\core</Filter>
    </ClInclude>
    <ClInclude Include="..\include\GDXEventQueue.h">
      <Filter>engine\core</Filter>
    </ClInclude>
    <ClInclude Include="..\include\GDXFrameTimer.h">
      <Filter>engine\core</Filter>
    </ClInclude>
    <ClInclude Include="..\include\Events.h">
      <Filter>engine\core</Filter>
    </ClInclude>
    <ClInclude Include="..\include\WindowDesc.h">
      <Filter>engine\core</Filter>
    </ClInclude>
    <ClInclude Include="..\include\IGDXRenderer.h">
      <Filter>engine\core</Filter>
    </ClInclude>
    <ClInclude Include="..\include\IGDXRenderBackend.h">
      <Filter>engine\core</Filter>
    </ClInclude>
    <ClInclude Include="..\include\ICommandList.h">
      <Filter>engine\core</Filter>
    </ClInclude>
    <ClInclude Include="..\include\FrameContext.h">
      <Filter>engine\core</Filter>
    </ClInclude>
    <ClInclude Include="..\include\FrameData.h">
      <Filter>engine\core</Filter>
    </ClInclude>
    <ClInclude Include="..\include\FrameTransientResources.h">
      <Filter>engine\core</Filter>
    </ClInclude>
    <ClInclude Include="..\include\RenderCommand.h">
      <Filter>engine\core</Filter>
    </ClInclude>
    <ClInclude Include="..\include\RenderQueue.h">
      <Filter>engine\core</Filter>
    </ClInclude>
    <ClInclude Include="..\include\RenderPassClearDesc.h">
      <Filter>engine\core</Filter>
    </ClInclude>
    <ClInclude Include="..\include\RenderPassTargetDesc.h">
      <Filter>engine\core</Filter>
    </ClInclude>
    <ClInclude Include="..\include\GDXRenderTargetResource.h">
      <Filter>engine\assets</Filter>
    </ClInclude>
    <ClInclude Include="..\include\GDXShaderResource.h">
      <Filter>engine\assets</Filter>
    </ClInclude>
    <ClInclude Include="..\include\GDXTextureResource.h">
      <Filter>engine\assets</Filter>
    </ClInclude>
    <ClInclude Include="..\include\MaterialResource.h">
      <Filter>engine\assets</Filter>
    </ClInclude>
    <ClInclude Include="..\include\ResourceStore.h">
      <Filter>engine\assets</Filter>
    </ClInclude>
    <ClInclude Include="..\include\ImageBuffer.h">
      <Filter>engine\assets</Filter>
    </ClInclude>
    <ClInclude Include="..\include\GDXWin32Platform.h">
      <Filter>engine\platform\windows</Filter>
    </ClInclude>
    <ClInclude Include="..\include\GDXWin32Window.h">
      <Filter>engine\platform\windows</Filter>
    </ClInclude>
    <ClInclude Include="..\include\GDXWin32DX11ContextFactory.h">
      <Filter>engine\platform\windows</Filter>
    </ClInclude>
    <ClInclude Include="..\include\GDXWin32OpenGLContextFactory.h">
      <Filter>engine\platform\windows</Filter>
    </ClInclude>
    <ClInclude Include="..\include\GDXInput.h">
      <Filter>engine\platform</Filter>
    </ClInclude>
    <ClInclude Include="..\include\GDXWin32NativeHandles.h">
      <Filter>engine\platform</Filter>
    </ClInclude>
    <ClInclude Include="..\include\IGDXPlatform.h">
      <Filter>engine\platform</Filter>
    </ClInclude>
    <ClInclude Include="..\include\IGDXWin32NativeAccess.h">
      <Filter>engine\platform</Filter>
    </ClInclude>
    <ClInclude Include="..\include\IGDXWindow.h">
      <Filter>engine\platform</Filter>
    </ClInclude>
    <ClInclude Include="..\include\IGDXOpenGLContext.h">
      <Filter>engine\platform\windows</Filter>
    </ClInclude>
    <ClInclude Include="..\include\IGDXDXGIContext.h">
      <Filter>engine\platform\windows</Filter>
    </ClInclude>
    <ClInclude Include="..\include\GDXDX11RenderBackend.h">
      <Filter>engine\renderer\dx11</Filter>
    </ClInclude>
    <ClInclude Include="..\include\GDXDX11RenderExecutor.h">
      <Filter>engine\renderer\dx11</Filter>
    </ClInclude>
    <ClInclude Include="..\include\GDXOpenGLRenderBackend.h">
      <Filter>engine\renderer\opengl</Filter>
    </ClInclude>
    <ClInclude Include="..\include\GDXOpenGLIncludes.h">
      <Filter>engine\renderer\opengl</Filter>
    </ClInclude>
    <ClInclude Include="..\include\GDXDX12RenderBackend.h">
      <Filter>engine\renderer\dx12</Filter>
    </ClInclude>
    <ClInclude Include="..\include\BasicMeshGenerator.h">
      <Filter>util</Filter>
    </ClInclude>
    <ClInclude Include="..\include\MeshProcessor.h">
      <Filter>util</Filter>
    </ClInclude>
    <ClInclude Include="..\include\MeshUtilities.h">
      <Filter>util</Filter>
    </ClInclude>
    <ClInclude Include="..\include\SubmeshBuilder.h">
      <Filter>util</Filter>
    </ClInclude>
    <ClInclude Include="..\include\SubmeshData.h">
      <Filter>util</Filter>
    </ClInclude>
    <ClInclude Include="..\include\GDXTextureLoader.h">
      <Filter>util</Filter>
    </ClInclude>
    <ClInclude Include="..\include\GDXVertexFlags.h">
      <Filter>util</Filter>
    </ClInclude>
    <ClInclude Include="..\include\GDXVertexFormat.h">
      <Filter>util</Filter>
    </ClInclude>
    <ClInclude Include="..\include\Handle.h">
      <Filter>util</Filter>
    </ClInclude>
    <ClInclude Include="..\include\Debug.h">
      <Filter>util</Filter>
    </ClInclude>
    <ClInclude Include="..\include\gidx.h">
      <Filter>util</Filter>
    </ClInclude>
    <ClInclude Include="..\app\RTT Shader Example\NeonTimeBuffer.h">
      <Filter>samples\_alt\RTT NeonShader</Filter>
    </ClInclude>
    <ClInclude Include="..\include\GDXMath.h">
      <Filter>util</Filter>
    </ClInclude>
    <ClInclude Include="..\include\GDXMathHelpers.h">
      <Filter>util</Filter>
    </ClInclude>
    <ClInclude Include="..\include\GDXResourceBinding.h">
      <Filter>engine</Filter>
    </ClInclude>
    <ClInclude Include="..\include\JobSystem.h">
      <Filter>util</Filter>
    </ClInclude>
    <ClInclude Include="..\include\SystemScheduler.h">
      <Filter>util</Filter>
    </ClInclude>
    <ClInclude Include="..\include\PostProcessResource.h">
      <Filter>engine\assets</Filter>
    </ClInclude>
    <ClInclude Include="..\include\ViewCullingSystem.h">
      <Filter>util</Filter>
    </ClInclude>
    <ClInclude Include="..\include\RenderViewData.h">
      <Filter>engine</Filter>
    </ClInclude>
    <ClInclude Include="..\include\RenderFramePipeline.h">
      <Filter>engine</Filter>
    </ClInclude>
    <ClInclude Include="..\app\NeonTimeBuffer.h">
      <Filter>samples\_alt</Filter>
    </ClInclude>
    <ClInclude Include="..\include\GDXDX11LightSystem.h">
      <Filter>engine\renderer\dx11</Filter>
    </ClInclude>
  </ItemGroup>
  <ItemGroup>
    <Text Include="..\shader\PostProcessBloomBlurPS.hlsl">
      <Filter>shader\PostProcessShader</Filter>
    </Text>
    <Text Include="..\shader\PostProcessBloomBrightPS.hlsl">
      <Filter>shader\PostProcessShader</Filter>
    </Text>
    <Text Include="..\shader\PostProcessBloomCompositePS.hlsl">
      <Filter>shader\PostProcessShader</Filter>
    </Text>
    <Text Include="..\shader\PostProcessFullscreenVS.hlsl">
      <Filter>shader\PostProcessShader</Filter>
    </Text>
    <Text Include="..\shader\PostProcessTintPS.hlsl">
      <Filter>shader\PostProcessShader</Filter>
    </Text>
    <Text Include="..\shader\ShadowPixelShader.hlsl">
      <Filter>shader</Filter>
    </Text>
    <Text Include="..\shader\ShadowPixelShader_AlphaTest.hlsl">
      <Filter>shader</Filter>
    </Text>
    <Text Include="..\shader\ShadowVertexShader.hlsl">
      <Filter>shader</Filter>
    </Text>
    <Text Include="..\shader\ShadowVertexShader_AlphaTest.hlsl">
      <Filter>shader</Filter>
    </Text>
    <Text Include="..\shader\ShadowVertexShader_Skinned.hlsl">
      <Filter>shader</Filter>
    </Text>
    <Text Include="..\shader\ShadowVertexShader_SkinnedAlphaTest.hlsl">
      <Filter>shader</Filter>
    </Text>
    <Text Include="..\shader\VertexShader.hlsl">
      <Filter>shader</Filter>
    </Text>
    <Text Include="..\shader\VertexShader_Skinned.hlsl">
      <Filter>shader</Filter>
    </Text>
    <Text Include="..\shader\VertexShader_SkinnedVertexColor.hlsl">
      <Filter>shader</Filter>
    </Text>
    <Text Include="..\shader\VertexShader_VertexColor.hlsl">
      <Filter>shader</Filter>
    </Text>
    <Text Include="..\shader\VertexShaderNeon.hlsl">
      <Filter>shader\Custom Shader</Filter>
    </Text>
    <Text Include="..\shader\PixelShaderNeon.hlsl">
      <Filter>shader\Custom Shader</Filter>
    </Text>
    <Text Include="..\shader\PixelShader_VertexColor.hlsl">
      <Filter>shader</Filter>
    </Text>
    <Text Include="..\shader\PixelShader.hlsl">
      <Filter>shader</Filter>
    </Text>
  </ItemGroup>
</Project>