<?xml version="1.0" encoding="utf-8"?>
<Project xmlns="http://schemas.microsoft.com/developer/msbuild/2003" ToolsVersion="4.0">
  <ItemGroup>
    <Filter Include="ThirdParty">
      <UniqueIdentifier>{4132ef45-9b48-487e-91c6-6c80e2b19e23}</UniqueIdentifier>
    </Filter>
    <Filter Include="Shaders">
      <UniqueIdentifier>{98622a1e-26c8-433e-9b06-dddf3d28eb43}</UniqueIdentifier>
    </Filter>
    <Filter Include="Shaders\PostProcess">
      <UniqueIdentifier>{8dcd229d-bffd-4508-acda-257bd61b8dee}</UniqueIdentifier>
    </Filter>
    <Filter Include="Shaders\Custom">
      <UniqueIdentifier>{bb6ec6ce-9e9d-4b02-a979-cdda33d3ad28}</UniqueIdentifier>
    </Filter>
    <Filter Include="Samples">
      <UniqueIdentifier>{34d0ab18-2504-498c-b7b9-ed2359e841ba}</UniqueIdentifier>
    </Filter>
    <Filter Include="Core">
      <UniqueIdentifier>{1b9eee50-cd15-4d4b-820d-0d8b6738a87e}</UniqueIdentifier>
    </Filter>
    <Filter Include="Core\Base">
      <UniqueIdentifier>{cb7f9fbc-7e9a-48b5-a176-7de77d0f78f6}</UniqueIdentifier>
    </Filter>
    <Filter Include="Core\Events">
      <UniqueIdentifier>{22008774-a183-4120-ba2f-99a4923ac474}</UniqueIdentifier>
    </Filter>
    <Filter Include="Core\Timing">
      <UniqueIdentifier>{73c1d6a1-cf17-4c1f-a97c-3f13cbf6725a}</UniqueIdentifier>
    </Filter>
    <Filter Include="Core\Frame">
      <UniqueIdentifier>{69e12853-da87-45dc-9283-51f4df3f92b8}</UniqueIdentifier>
    </Filter>
    <Filter Include="Core\Jobs">
      <UniqueIdentifier>{69426c0e-d1d6-40be-98e6-8eb7d1a4270d}</UniqueIdentifier>
    </Filter>
    <Filter Include="Core\Debug">
      <UniqueIdentifier>{48f405c5-3859-4d2f-996d-d894a2b37b88}</UniqueIdentifier>
    </Filter>
    <Filter Include="Core\Engine">
      <UniqueIdentifier>{0c54f29e-21bc-4d97-b6ef-24b579fc518f}</UniqueIdentifier>
    </Filter>
    <Filter Include="Assets">
      <UniqueIdentifier>{f878eb4f-6123-4bde-9492-336b6379662a}</UniqueIdentifier>
    </Filter>
    <Filter Include="Assets\Texture">
      <UniqueIdentifier>{0259deab-0c56-43a1-9835-cb1247a47789}</UniqueIdentifier>
    </Filter>
    <Filter Include="Assets\Material">
      <UniqueIdentifier>{e43ad63f-1989-4ac4-baa3-8e8af1941974}</UniqueIdentifier>
    </Filter>
    <Filter Include="Assets\Mesh">
      <UniqueIdentifier>{26b9679d-04b0-4912-8e51-13cab4068035}</UniqueIdentifier>
    </Filter>
    <Filter Include="Assets\PostProcess">
      <UniqueIdentifier>{00114560-6014-466e-85f3-3385d2acf379}</UniqueIdentifier>
    </Filter>
    <Filter Include="Assets\RenderTarget">
      <UniqueIdentifier>{5e638100-ba2d-43d3-b3d7-8b3726ca57c9}</UniqueIdentifier>
    </Filter>
    <Filter Include="Assets\Shader">
      <UniqueIdentifier>{8ad160e3-b38a-4e28-803a-2f0247210370}</UniqueIdentifier>
    </Filter>
    <Filter Include="ECS">
      <UniqueIdentifier>{6a62e4b8-4d5e-45a4-b730-52f8ea9ba3e6}</UniqueIdentifier>
    </Filter>
    <Filter Include="ECS\Core">
      <UniqueIdentifier>{eaf57ca8-533b-4098-be31-efbde2542673}</UniqueIdentifier>
    </Filter>
    <Filter Include="ECS\Components">
      <UniqueIdentifier>{ac8200e5-e2c5-4093-b467-db230472ad9e}</UniqueIdentifier>
    </Filter>
    <Filter Include="ECS\System">
      <UniqueIdentifier>{2852fb9c-cc08-43cf-a949-33542b2c2712}</UniqueIdentifier>
    </Filter>
    <Filter Include="Math">
      <UniqueIdentifier>{1e8d6035-6a31-44f7-a1e0-4b72b95b6614}</UniqueIdentifier>
    </Filter>
    <Filter Include="Math\Types">
      <UniqueIdentifier>{b4bd4fd6-d300-44c4-9a0f-5646ed6cbee7}</UniqueIdentifier>
    </Filter>
    <Filter Include="Math\Helpers">
      <UniqueIdentifier>{b8f18816-1661-40a1-95fe-63655129cc4a}</UniqueIdentifier>
    </Filter>
    <Filter Include="Math\Algorithms">
      <UniqueIdentifier>{c2b919c0-63c2-4d6e-b126-ddd1144c15e4}</UniqueIdentifier>
    </Filter>
    <Filter Include="Math\Geometry">
      <UniqueIdentifier>{46c08fa3-8afb-4be1-bfb5-03682d3b294a}</UniqueIdentifier>
    </Filter>
    <Filter Include="Platform">
      <UniqueIdentifier>{9a5a0d73-1f34-4bb3-a111-4f5da7fe1001}</UniqueIdentifier>
    </Filter>
    <Filter Include="Platform\Input">
      <UniqueIdentifier>{9a5a0d73-1f34-4bb3-a111-4f5da7fe1002}</UniqueIdentifier>
    </Filter>
    <Filter Include="Platform\Window">
      <UniqueIdentifier>{9a5a0d73-1f34-4bb3-a111-4f5da7fe1003}</UniqueIdentifier>
    </Filter>
    <Filter Include="Platform\Win32">
      <UniqueIdentifier>{9a5a0d73-1f34-4bb3-a111-4f5da7fe1004}</UniqueIdentifier>
    </Filter>
    <Filter Include="Scene">
      <UniqueIdentifier>{7c0f3f63-20f0-4a8e-96f1-3cdb5c341001}</UniqueIdentifier>
    </Filter>
    <Filter Include="Scene\Camera">
      <UniqueIdentifier>{7c0f3f63-20f0-4a8e-96f1-3cdb5c341002}</UniqueIdentifier>
    </Filter>
    <Filter Include="Scene\Collision">
      <UniqueIdentifier>{7c0f3f63-20f0-4a8e-96f1-3cdb5c341003}</UniqueIdentifier>
    </Filter>
    <Filter Include="RHI">
      <UniqueIdentifier>{4f3bc0ad-bc4e-4a67-9b7d-11af37aa1001}</UniqueIdentifier>
    </Filter>
    <Filter Include="RHI\Common">
      <UniqueIdentifier>{4f3bc0ad-bc4e-4a67-9b7d-11af37aa1002}</UniqueIdentifier>
    </Filter>
    <Filter Include="RHI\DX11">
      <UniqueIdentifier>{4f3bc0ad-bc4e-4a67-9b7d-11af37aa1003}</UniqueIdentifier>
    </Filter>
    <Filter Include="RHI\DX12">
      <UniqueIdentifier>{4f3bc0ad-bc4e-4a67-9b7d-11af37aa1004}</UniqueIdentifier>
    </Filter>
    <Filter Include="RHI\OpenGL">
      <UniqueIdentifier>{4f3bc0ad-bc4e-4a67-9b7d-11af37aa1005}</UniqueIdentifier>
    </Filter>
    <Filter Include="Renderer">
      <UniqueIdentifier>{58dfe2ac-8f3e-4fe1-b6ac-25a3cf201001}</UniqueIdentifier>
    </Filter>
    <Filter Include="Renderer\Core">
      <UniqueIdentifier>{58dfe2ac-8f3e-4fe1-b6ac-25a3cf201002}</UniqueIdentifier>
    </Filter>
    <Filter Include="Renderer\Frame">
      <UniqueIdentifier>{58dfe2ac-8f3e-4fe1-b6ac-25a3cf201003}</UniqueIdentifier>
    </Filter>
    <Filter Include="Renderer\Views">
      <UniqueIdentifier>{58dfe2ac-8f3e-4fe1-b6ac-25a3cf201004}</UniqueIdentifier>
    </Filter>
    <Filter Include="Renderer\Culling">
      <UniqueIdentifier>{58dfe2ac-8f3e-4fe1-b6ac-25a3cf201005}</UniqueIdentifier>
    </Filter>
    <Filter Include="Renderer\Passes">
      <UniqueIdentifier>{58dfe2ac-8f3e-4fe1-b6ac-25a3cf201006}</UniqueIdentifier>
    </Filter>
    <Filter Include="Renderer\Lighting">
      <UniqueIdentifier>{58dfe2ac-8f3e-4fe1-b6ac-25a3cf201007}</UniqueIdentifier>
    </Filter>
    <Filter Include="Renderer\Debug">
      <UniqueIdentifier>{58dfe2ac-8f3e-4fe1-b6ac-25a3cf201008}</UniqueIdentifier>
    </Filter>
    <Filter Include="Renderer\Shaders">
      <UniqueIdentifier>{58dfe2ac-8f3e-4fe1-b6ac-25a3cf201009}</UniqueIdentifier>
    </Filter>
    <Filter Include="Tools">
      <UniqueIdentifier>{d4a2e4f9-e26a-4be1-b0e4-0f2ed4111001}</UniqueIdentifier>
    </Filter>
    <Filter Include="Tools\IBL">
      <UniqueIdentifier>{d4a2e4f9-e26a-4be1-b0e4-0f2ed4111002}</UniqueIdentifier>
    </Filter>
    <Filter Include="Particle">
      <UniqueIdentifier>{9371fdbe-4590-479a-9d14-8e7601aa0fff}</UniqueIdentifier>
    </Filter>
    <Filter Include="Core\Editor">
      <UniqueIdentifier>{cfade61c-7238-429d-8da1-f5721d0c5dcf}</UniqueIdentifier>
    </Filter>
    <Filter Include="Scene\Authoring">
      <UniqueIdentifier>{5d3ba626-2526-4906-a30a-a6712de8cb0d}</UniqueIdentifier>
    </Filter>
    <Filter Include="Samples\Point Light">
      <UniqueIdentifier>{dac9785d-9324-4ae4-b3d9-75cdbdc42a25}</UniqueIdentifier>
    </Filter>
  </ItemGroup>
  <ItemGroup>
    <ClCompile Include="..\src\ViewCullingSystem.cpp">
      <Filter>Renderer\Culling</Filter>
    </ClCompile>
    <ClCompile Include="..\src\GDXIBLBaker.cpp">
      <Filter>Tools\IBL</Filter>
    </ClCompile>
    <ClCompile Include="..\src\CollisionIntersect.cpp">
      <Filter>Scene\Collision</Filter>
    </ClCompile>
    <ClCompile Include="..\src\CollisionSystem.cpp">
      <Filter>Scene\Collision</Filter>
    </ClCompile>
    <ClCompile Include="..\src\CollisionWorld.cpp">
      <Filter>Scene\Collision</Filter>
    </ClCompile>
    <ClCompile Include="..\src\DebugCamera.cpp">
      <Filter>Scene\Camera</Filter>
    </ClCompile>
    <ClCompile Include="..\src\CullGatherSystem.cpp">
      <Filter>Renderer\Culling</Filter>
    </ClCompile>
    <ClCompile Include="..\src\GDXDebugCullingRenderer.cpp">
      <Filter>Renderer\Debug</Filter>
    </ClCompile>
    <ClCompile Include="..\src\GDXECSRenderer.cpp">
      <Filter>Renderer\Core</Filter>
    </ClCompile>
    <ClCompile Include="..\src\GDXRenderFrameGraph.cpp">
      <Filter>Renderer\Frame</Filter>
    </ClCompile>
    <ClCompile Include="..\src\GDXSamplerCache.cpp">
      <Filter>RHI\DX11</Filter>
    </ClCompile>
    <ClCompile Include="..\src\GDXShaderVariantCache.cpp">
      <Filter>Renderer\Shaders</Filter>
    </ClCompile>
    <ClCompile Include="..\src\GDXShadowMap.cpp">
      <Filter>Renderer\Lighting</Filter>
    </ClCompile>
    <ClCompile Include="..\src\GDXWin32Platform.cpp">
      <Filter>Platform\Win32</Filter>
    </ClCompile>
    <ClCompile Include="..\src\RenderPassBuilder.cpp">
      <Filter>Renderer\Passes</Filter>
    </ClCompile>
    <ClCompile Include="..\src\RenderViewPrep.cpp">
      <Filter>Renderer\Views</Filter>
    </ClCompile>
    <ClCompile Include="..\src\GDXDX11LightSystem.cpp">
      <Filter>Renderer\Lighting</Filter>
    </ClCompile>
    <ClCompile Include="..\src\GDXDX11RenderBackend.cpp">
      <Filter>RHI\DX11</Filter>
    </ClCompile>
    <ClCompile Include="..\src\GDXDX11RenderExecutor.cpp">
      <Filter>RHI\DX11</Filter>
    </ClCompile>
    <ClCompile Include="..\src\GDXDX11ShaderCompiler.cpp">
      <Filter>RHI\DX11</Filter>
    </ClCompile>
    <ClCompile Include="..\src\GDXDX11TileLightCuller.cpp">
      <Filter>Renderer\Lighting</Filter>
    </ClCompile>
    <ClCompile Include="..\src\GDXWin32DX11ContextFactory.cpp">
      <Filter>Platform\Win32</Filter>
    </ClCompile>
    <ClCompile Include="..\src\GDXInput.cpp">
      <Filter>Platform\Input</Filter>
    </ClCompile>
    <ClCompile Include="..\src\CameraSystem.cpp">
      <Filter>Scene\Camera</Filter>
    </ClCompile>
    <ClCompile Include="..\src\RenderGatherSystem.cpp">
      <Filter>Renderer\Culling</Filter>
    </ClCompile>
    <ClCompile Include="..\src\JobSystem.cpp">
      <Filter>Core\Jobs</Filter>
    </ClCompile>
    <ClCompile Include="..\src\GDXTextureLoader.cpp">
      <Filter>Assets\Texture</Filter>
    </ClCompile>
    <ClCompile Include="..\src\TransformSystem.cpp">
      <Filter>ECS\System</Filter>
    </ClCompile>
    <ClCompile Include="..\src\HierarchySystem.cpp">
      <Filter>ECS\System</Filter>
    </ClCompile>
    <ClCompile Include="..\src\GDXMathOps.cpp">
      <Filter>Math\Algorithms</Filter>
    </ClCompile>
    <ClCompile Include="..\src\KROMEngine.cpp">
      <Filter>Core\Engine</Filter>
    </ClCompile>
    <ClCompile Include="..\src\Particles\GDXDX11ParticleRenderer.cpp">
      <Filter>Particle</Filter>
    </ClCompile>
    <ClCompile Include="..\src\Particles\GDXParticleSystem.cpp">
      <Filter>Particle</Filter>
    </ClCompile>
    <ClCompile Include="..\samples\Point Light\Point_Lights.cpp">
      <Filter>Samples\Point Light</Filter>
    </ClCompile>
    <ClCompile Include="..\src\GDXWin32Window.cpp">
      <Filter>Platform\Win32</Filter>
    </ClCompile>
  </ItemGroup>
  <ItemGroup>
    <ClInclude Include="..\third_party\stb_image.h">
      <Filter>ThirdParty</Filter>
    </ClInclude>
    <ClInclude Include="..\include\GDXVertexFlags.h">
      <Filter>RHI\Common</Filter>
    </ClInclude>
    <ClInclude Include="..\include\GDXVertexFormat.h">
      <Filter>RHI\Common</Filter>
    </ClInclude>
    <ClInclude Include="..\include\ViewCullingSystem.h">
      <Filter>Renderer\Culling</Filter>
    </ClInclude>
    <ClInclude Include="..\include\GDXIBLBaker.h">
      <Filter>Tools\IBL</Filter>
    </ClInclude>
    <ClInclude Include="..\include\Collision\CollisionBody.h">
      <Filter>Scene\Collision</Filter>
    </ClInclude>
    <ClInclude Include="..\include\Collision\CollisionIntersect.h">
      <Filter>Scene\Collision</Filter>
    </ClInclude>
    <ClInclude Include="..\include\Collision\CollisionShapes.h">
      <Filter>Scene\Collision</Filter>
    </ClInclude>
    <ClInclude Include="..\include\Collision\CollisionTypes.h">
      <Filter>Scene\Collision</Filter>
    </ClInclude>
    <ClInclude Include="..\include\Collision\CollisionWorld.h">
      <Filter>Scene\Collision</Filter>
    </ClInclude>
    <ClInclude Include="..\include\DebugCamera.h">
      <Filter>Scene\Camera</Filter>
    </ClInclude>
    <ClInclude Include="..\include\CollisionSystem.h">
      <Filter>Scene\Collision</Filter>
    </ClInclude>
    <ClInclude Include="..\include\CullGatherSystem.h">
      <Filter>Renderer\Culling</Filter>
    </ClInclude>
    <ClInclude Include="..\include\FrameDispatch.h">
      <Filter>Renderer\Frame</Filter>
    </ClInclude>
    <ClInclude Include="..\include\GDXDebugCullingRenderer.h">
      <Filter>Renderer\Debug</Filter>
    </ClInclude>
    <ClInclude Include="..\include\GDXECSRenderer.h">
      <Filter>Renderer\Core</Filter>
    </ClInclude>
    <ClInclude Include="..\include\GDXPipelineState.h">
      <Filter>RHI\Common</Filter>
    </ClInclude>
    <ClInclude Include="..\include\GDXRenderFrameGraph.h">
      <Filter>Renderer\Frame</Filter>
    </ClInclude>
    <ClInclude Include="..\include\GDXResourceBinding.h">
      <Filter>RHI\Common</Filter>
    </ClInclude>
    <ClInclude Include="..\include\GDXShaderLayout.h">
      <Filter>RHI\Common</Filter>
    </ClInclude>
    <ClInclude Include="..\include\GDXShaderVariantCache.h">
      <Filter>Renderer\Shaders</Filter>
    </ClInclude>
    <ClInclude Include="..\include\GDXShadowMap.h">
      <Filter>Renderer\Lighting</Filter>
    </ClInclude>
    <ClInclude Include="..\include\GDXTextureSlots.h">
      <Filter>RHI\Common</Filter>
    </ClInclude>
    <ClInclude Include="..\include\RenderFramePipeline.h">
      <Filter>Renderer\Frame</Filter>
    </ClInclude>
    <ClInclude Include="..\include\RenderPassBuilder.h">
      <Filter>Renderer\Passes</Filter>
    </ClInclude>
    <ClInclude Include="..\include\RenderViewData.h">
      <Filter>Renderer\Views</Filter>
    </ClInclude>
    <ClInclude Include="..\include\RenderViewPrep.h">
      <Filter>Renderer\Views</Filter>
    </ClInclude>
    <ClInclude Include="..\include\ShaderVariant.h">
      <Filter>Renderer\Shaders</Filter>
    </ClInclude>
    <ClInclude Include="..\include\GDXDX11LightSystem.h">
      <Filter>Renderer\Lighting</Filter>
    </ClInclude>
    <ClInclude Include="..\include\GDXDX11RenderBackend.h">
      <Filter>RHI\DX11</Filter>
    </ClInclude>
    <ClInclude Include="..\include\GDXDX11RenderExecutor.h">
      <Filter>RHI\DX11</Filter>
    </ClInclude>
    <ClInclude Include="..\include\GDXDX11ShaderCompiler.h">
      <Filter>RHI\DX11</Filter>
    </ClInclude>
    <ClInclude Include="..\include\GDXDX11TileLightCuller.h">
      <Filter>Renderer\Lighting</Filter>
    </ClInclude>
    <ClInclude Include="..\include\GDXOpenGLIncludes.h">
      <Filter>RHI\OpenGL</Filter>
    </ClInclude>
    <ClInclude Include="..\include\GDXWin32DX11ContextFactory.h">
      <Filter>Platform\Win32</Filter>
    </ClInclude>
    <ClInclude Include="..\include\GDXWin32Platform.h">
      <Filter>Platform\Win32</Filter>
    </ClInclude>
    <ClInclude Include="..\include\GDXInput.h">
      <Filter>Platform\Input</Filter>
    </ClInclude>
    <ClInclude Include="..\include\GDXWin32NativeHandles.h">
      <Filter>Platform\Win32</Filter>
    </ClInclude>
    <ClInclude Include="..\include\IGDXWindow.h">
      <Filter>Platform\Window</Filter>
    </ClInclude>
    <ClInclude Include="..\include\FrameTransientResources.h">
      <Filter>Renderer\Frame</Filter>
    </ClInclude>
    <ClInclude Include="..\include\ICommandList.h">
      <Filter>RHI\Common</Filter>
    </ClInclude>
    <ClInclude Include="..\include\IGDXRenderBackend.h">
      <Filter>RHI\Common</Filter>
    </ClInclude>
    <ClInclude Include="..\include\IGDXRenderer.h">
      <Filter>Renderer\Core</Filter>
    </ClInclude>
    <ClInclude Include="..\include\RenderCommand.h">
      <Filter>RHI\Common</Filter>
    </ClInclude>
    <ClInclude Include="..\include\RenderPassClearDesc.h">
      <Filter>RHI\Common</Filter>
    </ClInclude>
    <ClInclude Include="..\include\RenderPassTargetDesc.h">
      <Filter>RHI\Common</Filter>
    </ClInclude>
    <ClInclude Include="..\include\RenderQueue.h">
      <Filter>Renderer\Core</Filter>
    </ClInclude>
    <ClInclude Include="..\include\WindowDesc.h">
      <Filter>Platform\Window</Filter>
    </ClInclude>
    <ClInclude Include="..\include\CameraSystem.h">
      <Filter>Scene\Camera</Filter>
    </ClInclude>
    <ClInclude Include="..\include\RenderGatherSystem.h">
      <Filter>Renderer\Culling</Filter>
    </ClInclude>
    <ClInclude Include="..\include\BackendRenderPassDesc.h">
      <Filter>RHI\Common</Filter>
    </ClInclude>
    <ClInclude Include="..\include\Handle.h">
      <Filter>Core\Base</Filter>
    </ClInclude>
    <ClInclude Include="..\include\ResourceStore.h">
      <Filter>Core\Base</Filter>
    </ClInclude>
    <ClInclude Include="..\include\Events.h">
      <Filter>Core\Events</Filter>
    </ClInclude>
    <ClInclude Include="..\include\GDXEventQueue.h">
      <Filter>Core\Events</Filter>
    </ClInclude>
    <ClInclude Include="..\include\FrameData.h">
      <Filter>Core\Frame</Filter>
    </ClInclude>
    <ClInclude Include="..\include\FrameContext.h">
      <Filter>Core\Frame</Filter>
    </ClInclude>
    <ClInclude Include="..\include\SystemScheduler.h">
      <Filter>Core\Jobs</Filter>
    </ClInclude>
    <ClInclude Include="..\include\GDXFrameTimer.h">
      <Filter>Core\Timing</Filter>
    </ClInclude>
    <ClInclude Include="..\include\gidx.h">
      <Filter>Core\Engine</Filter>
    </ClInclude>
    <ClInclude Include="..\include\MaterialResource.h">
      <Filter>Assets\Material</Filter>
    </ClInclude>
    <ClInclude Include="..\include\MeshAssetResource.h">
      <Filter>Assets\Mesh</Filter>
    </ClInclude>
    <ClInclude Include="..\include\SubmeshData.h">
      <Filter>Assets\Mesh</Filter>
    </ClInclude>
    <ClInclude Include="..\include\SubmeshBuilder.h">
      <Filter>Assets\Mesh</Filter>
    </ClInclude>
    <ClInclude Include="..\include\MeshUtilities.h">
      <Filter>Assets\Mesh</Filter>
    </ClInclude>
    <ClInclude Include="..\include\BasicMeshGenerator.h">
      <Filter>Assets\Mesh</Filter>
    </ClInclude>
    <ClInclude Include="..\include\PostProcessResource.h">
      <Filter>Assets\PostProcess</Filter>
    </ClInclude>
    <ClInclude Include="..\include\GDXRenderTargetResource.h">
      <Filter>Assets\RenderTarget</Filter>
    </ClInclude>
    <ClInclude Include="..\include\GDXShaderResource.h">
      <Filter>Assets\Shader</Filter>
    </ClInclude>
    <ClInclude Include="..\include\ImageBuffer.h">
      <Filter>Assets\Texture</Filter>
    </ClInclude>
    <ClInclude Include="..\include\GDXTextureLoader.h">
      <Filter>Assets\Texture</Filter>
    </ClInclude>
    <ClInclude Include="..\include\GDXTextureResource.h">
      <Filter>Assets\Texture</Filter>
    </ClInclude>
    <ClInclude Include="..\include\Components.h">
      <Filter>ECS\Components</Filter>
    </ClInclude>
    <ClInclude Include="..\include\Core\GDXMath.h">
      <Filter>Math\Types</Filter>
    </ClInclude>
    <ClInclude Include="..\include\Core\GDXMathOps.h">
      <Filter>Math\Algorithms</Filter>
    </ClInclude>
    <ClInclude Include="..\include\MeshBoundsUtil.h">
      <Filter>Math\Geometry</Filter>
    </ClInclude>
    <ClInclude Include="..\include\GDXMathHelpers.h">
      <Filter>Math\Helpers</Filter>
    </ClInclude>
    <ClInclude Include="..\include\ECS\ECSTypes.h">
      <Filter>ECS\Core</Filter>
    </ClInclude>
    <ClInclude Include="..\include\ECS\Registry.h">
      <Filter>ECS\Core</Filter>
    </ClInclude>
    <ClInclude Include="..\include\Core\Debug.h">
      <Filter>Core\Debug</Filter>
    </ClInclude>
    <ClInclude Include="..\include\KROMEngine.h">
      <Filter>Core\Engine</Filter>
    </ClInclude>
    <ClInclude Include="..\include\Particles\GDXDX11ParticleRenderer.h">
      <Filter>Particle</Filter>
    </ClInclude>
    <ClInclude Include="..\include\Particles\GDXParticleSystem.h">
      <Filter>Particle</Filter>
    </ClInclude>
    <ClInclude Include="..\include\Particles\GDXParticleTypes.h">
      <Filter>Particle</Filter>
    </ClInclude>
    <ClInclude Include="..\include\Particles\IGDXParticleRenderer.h">
      <Filter>Particle</Filter>
    </ClInclude>
    <ClInclude Include="..\include\Particles\GDXParticleEmitterSystem.h">
      <Filter>Particle</Filter>
    </ClInclude>
    <ClInclude Include="..\include\MaterialParams.h">
      <Filter>Assets\Material</Filter>
    </ClInclude>
    <ClInclude Include="..\include\GDXDX11MaterialCBuffer.h">
      <Filter>RHI\DX11</Filter>
    </ClInclude>
    <ClInclude Include="..\include\GDXDX11MaterialSerializer.h">
      <Filter>RHI\DX11</Filter>
    </ClInclude>
    <ClInclude Include="..\include\MaterialSemanticLayout.h">
      <Filter>Assets\Material</Filter>
    </ClInclude>
    <ClInclude Include="..\include\GDXWin32Window.h">
      <Filter>Platform\Win32</Filter>
    </ClInclude>
    <ClInclude Include="..\include\IGDXWin32NativeAccess.h">
      <Filter>Platform\Window</Filter>
    </ClInclude>
    <ClInclude Include="..\include\IGDXPlatform.h">
      <Filter>Platform\Window</Filter>
    </ClInclude>
    <ClInclude Include="..\include\IGDXDXGIContext.h">
      <Filter>Platform\Window</Filter>
    </ClInclude>
    <ClInclude Include="..\include\IGDXOpenGLContext.h">
      <Filter>Platform\Window</Filter>
    </ClInclude>
  </ItemGroup>
  <ItemGroup>
    <Text Include="..\shader\PostProcessBloomBlurPS.hlsl">
      <Filter>Shaders\PostProcess</Filter>
    </Text>
    <Text Include="..\shader\PostProcessBloomBrightPS.hlsl">
      <Filter>Shaders\PostProcess</Filter>
    </Text>
    <Text Include="..\shader\PostProcessBloomCompositePS.hlsl">
      <Filter>Shaders\PostProcess</Filter>
    </Text>
    <Text Include="..\shader\PostProcessFullscreenVS.hlsl">
      <Filter>Shaders\PostProcess</Filter>
    </Text>
    <Text Include="..\shader\ShadowPixelShader.hlsl">
      <Filter>Shaders</Filter>
    </Text>
    <Text Include="..\shader\ShadowPixelShader_AlphaTest.hlsl">
      <Filter>Shaders</Filter>
    </Text>
    <Text Include="..\shader\ShadowVertexShader.hlsl">
      <Filter>Shaders</Filter>
    </Text>
    <Text Include="..\shader\VertexShader.hlsl">
      <Filter>Shaders</Filter>
    </Text>
    <Text Include="..\shader\VertexShader_Skinned.hlsl">
      <Filter>Shaders</Filter>
    </Text>
    <Text Include="..\shader\VertexShader_SkinnedVertexColor.hlsl">
      <Filter>Shaders</Filter>
    </Text>
    <Text Include="..\shader\VertexShaderNeon.hlsl">
      <Filter>Shaders\Custom</Filter>
    </Text>
    <Text Include="..\shader\PixelShaderNeon.hlsl">
      <Filter>Shaders\Custom</Filter>
    </Text>
    <Text Include="..\shader\PixelShader.hlsl">
      <Filter>Shaders</Filter>
    </Text>
    <Text Include="..\shader\PostProcessFXAAPS.hlsl">
      <Filter>Shaders\PostProcess</Filter>
    </Text>
    <Text Include="..\shader\PostProcessDepthDebugPS.hlsl">
      <Filter>Shaders\PostProcess</Filter>
    </Text>
    <Text Include="..\shader\PostProcessDepthFogPS.hlsl">
      <Filter>Shaders\PostProcess</Filter>
    </Text>
    <Text Include="..\shader\PostProcessToneMappingPS.hlsl">
      <Filter>Shaders\PostProcess</Filter>
    </Text>
    <Text Include="..\shader\TileLightCullCS.hlsl">
      <Filter>Shaders</Filter>
    </Text>
    <Text Include="..\shader\PostProcessGTAOBlurPS.hlsl">
      <Filter>Shaders\PostProcess</Filter>
    </Text>
    <Text Include="..\shader\PostProcessGTAOCompositePS.hlsl">
      <Filter>Shaders\PostProcess</Filter>
    </Text>
    <Text Include="..\shader\PostProcessGTAOPS.hlsl">
      <Filter>Shaders\PostProcess</Filter>
    </Text>
    <Text Include="..\shader\PostProcessNormalDebugPS.hlsl">
      <Filter>Shaders\PostProcess</Filter>
    </Text>
    <Text Include="..\shader\PostProcessEdgeDebugPS.hlsl">
      <Filter>Shaders\PostProcess</Filter>
    </Text>
    <Text Include="..\shader\ParticleVS.hlsl">
      <Filter>Shaders</Filter>
    </Text>
  </ItemGroup>
  <ItemGroup>
    <ClInclude Include="..\include\CollisionBodyComponent.h">
      <Filter>ECS\Components</Filter>
    </ClInclude>
    <ClInclude Include="..\include\Core\JobSystem.h">
      <Filter>Core\Jobs</Filter>
    </ClInclude>
    <ClInclude Include="..\include\ECS\ComponentPool.h">
      <Filter>ECS\Core</Filter>
    </ClInclude>
    <ClInclude Include="..\include\ECS\HierarchySystem.h">
      <Filter>ECS\System</Filter>
    </ClInclude>
    <ClInclude Include="..\include\ECS\TransformSystem.h">
      <Filter>ECS\System</Filter>
    </ClInclude>
    <ClInclude Include="..\include\FrustumUtils.h">
      <Filter>Math\Geometry</Filter>
    </ClInclude>
    <ClInclude Include="..\include\GDXBindingGroupData.h">
      <Filter>RHI\Common</Filter>
    </ClInclude>
    <ClInclude Include="..\include\GDXDX11GpuResources.h">
      <Filter>RHI\DX11</Filter>
    </ClInclude>
    <ClInclude Include="..\include\GDXDX11ShaderProfile.h">
      <Filter>RHI\DX11</Filter>
    </ClInclude>
    <ClInclude Include="..\include\GDXDX11TextureSemanticMapping.h">
      <Filter>RHI\DX11</Filter>
    </ClInclude>
    <ClInclude Include="..\include\GDXDescriptorSystem.h">
      <Filter>RHI\Common</Filter>
    </ClInclude>
    <ClInclude Include="..\include\GDXPassCommandList.h">
      <Filter>Renderer\Passes</Filter>
    </ClInclude>
    <ClInclude Include="..\include\GDXPipelineCache.h">
      <Filter>RHI\Common</Filter>
    </ClInclude>
    <ClInclude Include="..\include\GDXRecordedCommand.h">
      <Filter>Renderer\Passes</Filter>
    </ClInclude>
    <ClInclude Include="..\include\GDXRenderBindingModel.h">
      <Filter>RHI\Common</Filter>
    </ClInclude>
    <ClInclude Include="..\include\GDXResourceState.h">
      <Filter>RHI\Common</Filter>
    </ClInclude>
    <ClInclude Include="..\include\GDXSamplerCache.h">
      <Filter>RHI\DX11</Filter>
    </ClInclude>
    <ClInclude Include="..\include\GDXShaderContracts.h">
      <Filter>RHI\Common</Filter>
    </ClInclude>
    <ClInclude Include="..\include\Math\Geometry\Frustum.h">
      <Filter>Math\Geometry</Filter>
    </ClInclude>
    <ClInclude Include="..\include\Math\Geometry\FrustumUtils.h">
      <Filter>Math\Geometry</Filter>
    </ClInclude>
    <ClInclude Include="..\include\PostProcessBindingResolver.h">
      <Filter>Renderer\Passes</Filter>
    </ClInclude>
    <ClInclude Include="..\include\RenderComponents.h">
      <Filter>ECS\Components</Filter>
    </ClInclude>
    <ClInclude Include="..\include\ShaderSourceType.h">
      <Filter>Assets\Shader</Filter>
    </ClInclude>
  </ItemGroup>
  <ItemGroup>
    <Text Include="..\shader\OcclusionQueryVS.hlsl">
      <Filter>Shaders\Custom</Filter>
    </Text>
    <Text Include="..\shader\ParticlePS.hlsl">
      <Filter>Shaders\Custom</Filter>
    </Text>
    <Text Include="..\shader\PostProcessVolumetricFogPS.hlsl">
      <Filter>Shaders\PostProcess</Filter>
    </Text>
    <Text Include="..\shader\VertexShader_VertexColor.hlsl">
      <Filter>Shaders\Custom</Filter>
    </Text>
    <Text Include="..\shader\include\CBuffer_Cascade.hlsli">
      <Filter>Shaders</Filter>
    </Text>
    <Text Include="..\shader\include\CBuffer_Entity.hlsli">
      <Filter>Shaders</Filter>
    </Text>
    <Text Include="..\shader\include\CBuffer_Frame.hlsli">
      <Filter>Shaders</Filter>
    </Text>
    <Text Include="..\shader\include\CBuffer_Material.hlsli">
      <Filter>Shaders</Filter>
    </Text>
    <Text Include="..\shader\include\CBuffer_Skin.hlsli">
      <Filter>Shaders</Filter>
    </Text>
    <Text Include="..\shader\include\Common.hlsli">
      <Filter>Shaders</Filter>
    </Text>
    <Text Include="..\shader\include\Lighting.hlsli">
      <Filter>Shaders</Filter>
    </Text>
    <Text Include="..\shader\include\PostProcess.hlsli">
      <Filter>Shaders</Filter>
    </Text>
  </ItemGroup>
  <ItemGroup>
    <None Include="..\samples\media\albedo.png">
      <Filter>Assets\Texture</Filter>
    </None>
    <None Include="..\samples\media\alpha_mask.png">
      <Filter>Assets\Texture</Filter>
    </None>
    <None Include="..\samples\media\bricks.bmp">
      <Filter>Assets\Texture</Filter>
    </None>
    <None Include="..\samples\media\engine.png">
      <Filter>Assets\Texture</Filter>
    </None>
    <None Include="..\samples\media\face.bmp">
      <Filter>Assets\Texture</Filter>
    </None>
    <None Include="..\samples\media\normal.png">
      <Filter>Assets\Texture</Filter>
    </None>
    <None Include="..\samples\media\orm.png">
      <Filter>Assets\Texture</Filter>
    </None>
    <None Include="..\samples\media\particles.png">
      <Filter>Assets\Texture</Filter>
    </None>
    <None Include="..\samples\media\studio.hdr">
      <Filter>Tools\IBL</Filter>
    </None>
  </ItemGroup>
</Project>